
Microsoft Visual Studio Solution File, Format Version 12.00
# Visual Studio 2013
VisualStudioVersion = 12.0.31101.0
MinimumVisualStudioVersion = 10.0.40219.1
Project("{FAE04EC0-301F-11D3-BF4B-00C04F79EFBC}") = "tests", "tests\tests.csproj", "{B1EDF9A5-4069-4B49-89F2-07481F3BA4D0}"
EndProject
Project("{FAE04EC0-301F-11D3-BF4B-00C04F79EFBC}") = "TestApp-WP", "TestApp\TestApp-WP.csproj", "{2181CDBE-F473-4B57-A2B3-961192C80FB4}"
EndProject
Project("{FAE04EC0-301F-11D3-BF4B-00C04F79EFBC}") = "CommonAudio-WP", "CommonAudio-WP71\CommonAudio-WP.csproj", "{49AC96C0-71EB-4A08-ACC3-8079385A040F}"
EndProject
Project("{FAE04EC0-301F-11D3-BF4B-00C04F79EFBC}") = "AudioPlaybackAgent", "AudioPlaybackAgent2\AudioPlaybackAgent.csproj", "{77E305CF-0D43-437C-9D82-ACF434094AF0}"
EndProject
Project("{FAE04EC0-301F-11D3-BF4B-00C04F79EFBC}") = "MusicPimp-WP8", "MusicPimp-WP8\MusicPimp-WP8.csproj", "{92EDAB67-6253-4B8F-BF90-5946BF7D167F}"
EndProject
Project("{FAE04EC0-301F-11D3-BF4B-00C04F79EFBC}") = "Common-WP", "Common-WP\Common-WP.csproj", "{2E7F201B-D225-4F83-A1AA-234EFF3E4A3D}"
EndProject
Project("{FAE04EC0-301F-11D3-BF4B-00C04F79EFBC}") = "CommonBase-WP", "CommonBase-WP\CommonBase-WP.csproj", "{04539694-DCA6-49EF-BC14-3D876B3D129A}"
EndProject
Project("{FAE04EC0-301F-11D3-BF4B-00C04F79EFBC}") = "Common-Win8", "Common-NET\Common-Win8.csproj", "{2C80E47C-EABD-486A-B708-7F4EE11E2CC6}"
EndProject
Project("{FAE04EC0-301F-11D3-BF4B-00C04F79EFBC}") = "MusicPimp-NET", "MusicPimp-NET\MusicPimp-NET.csproj", "{9B9D4F9E-3192-49B0-9C98-AEADC2FAA3C6}"
EndProject
Project("{FAE04EC0-301F-11D3-BF4B-00C04F79EFBC}") = "Common-WinStore", "Common-WinStore\Common-WinStore.csproj", "{703E9E2D-A2C9-49C9-9D02-4813E9C098FD}"
EndProject
Project("{FAE04EC0-301F-11D3-BF4B-00C04F79EFBC}") = "CommonAudio-NET", "CommonAudio-NET\CommonAudio-NET.csproj", "{A9EAD083-DC12-4F2F-B203-2672730ACC07}"
EndProject
Project("{FAE04EC0-301F-11D3-BF4B-00C04F79EFBC}") = "Test-WP8", "Test-WP8\Test-WP8.csproj", "{739CAB0C-67B2-4260-9AEC-2C56335786C4}"
EndProject
Project("{FAE04EC0-301F-11D3-BF4B-00C04F79EFBC}") = "Test-Store", "Test-Store\Test-Store.csproj", "{08EFB84F-64D8-45C5-B917-927929C405F6}"
EndProject
Project("{FAE04EC0-301F-11D3-BF4B-00C04F79EFBC}") = "TestApp-Store", "TestApp-Store\TestApp-Store.csproj", "{9D744211-42D7-474C-8A07-ABC7A56D5E0E}"
EndProject
Project("{FAE04EC0-301F-11D3-BF4B-00C04F79EFBC}") = "StoreBackgroundTask", "StoreBackgroundTask\StoreBackgroundTask.csproj", "{309CA042-DAB5-4728-A7AF-8C2B4FA3D7D7}"
EndProject
Project("{FAE04EC0-301F-11D3-BF4B-00C04F79EFBC}") = "MusicPimpCommon8", "MusicPimp-Store\MusicPimpCommon8.csproj", "{FBFC5EF1-DF16-4AF8-9DF4-CD775035E0BA}"
EndProject
Project("{FAE04EC0-301F-11D3-BF4B-00C04F79EFBC}") = "PhoneScheduledTask", "PhoneScheduledTask\PhoneScheduledTask.csproj", "{9D6845CE-D55B-47CD-B4DD-DD35AE097AB9}"
EndProject
Project("{FAE04EC0-301F-11D3-BF4B-00C04F79EFBC}") = "MusicPimp-WP-Base", "MusicPimp-WP-Base\MusicPimp-WP-Base.csproj", "{74EF056A-260B-450D-9FE0-246EB86148EA}"
EndProject
Project("{FAE04EC0-301F-11D3-BF4B-00C04F79EFBC}") = "MusicPimp-Win8", "MusicPimp-Win8\MusicPimp-Win8.csproj", "{E7E531C4-5362-4B2A-A157-C22B9A353E46}"
EndProject
Project("{FAE04EC0-301F-11D3-BF4B-00C04F79EFBC}") = "MusicPimp-Win81", "MusicPimp-Win81\MusicPimp-Win81.csproj", "{25B39F4F-69C6-4166-B1F9-DD76DB89E327}"
EndProject
Project("{FAE04EC0-301F-11D3-BF4B-00C04F79EFBC}") = "MusicPimpLibrary", "MusicPimpLibrary\MusicPimpLibrary.csproj", "{FFEECBCE-877F-4C1B-A53D-D1E40C614F38}"
EndProject
Project("{FAE04EC0-301F-11D3-BF4B-00C04F79EFBC}") = "Common81", "Common81\Common81.csproj", "{FDB555C7-BFA5-4AC1-B938-6BBFF98FBBD3}"
EndProject
Project("{FAE04EC0-301F-11D3-BF4B-00C04F79EFBC}") = "Common8", "Common8\Common8.csproj", "{D46B42C7-017C-46FA-908D-0141D9F37721}"
EndProject
Project("{FAE04EC0-301F-11D3-BF4B-00C04F79EFBC}") = "MusicPimpCommon81", "MusicPimpCommon81\MusicPimpCommon81.csproj", "{4E82E3C3-8CC5-48F3-8A79-4372113CC9C9}"
EndProject
Project("{FAE04EC0-301F-11D3-BF4B-00C04F79EFBC}") = "StoreBackgroundTask81", "StoreBackgroundTask81\StoreBackgroundTask81.csproj", "{F4915F13-D254-4991-9853-0F512B6DCD41}"
EndProject
Project("{FAE04EC0-301F-11D3-BF4B-00C04F79EFBC}") = "MockIAPLib", "mock-iap\C#\MockIAPLib\MockIAPLib.csproj", "{015E3DFE-EB56-429F-95EF-BAB5D41B23BE}"
EndProject
Global
	GlobalSection(SolutionConfigurationPlatforms) = preSolution
		Debug|Any CPU = Debug|Any CPU
		Debug|ARM = Debug|ARM
		Debug|Mixed Platforms = Debug|Mixed Platforms
		Debug|x64 = Debug|x64
		Debug|x86 = Debug|x86
		Release|Any CPU = Release|Any CPU
		Release|ARM = Release|ARM
		Release|Mixed Platforms = Release|Mixed Platforms
		Release|x64 = Release|x64
		Release|x86 = Release|x86
	EndGlobalSection
	GlobalSection(ProjectConfigurationPlatforms) = postSolution
		{B1EDF9A5-4069-4B49-89F2-07481F3BA4D0}.Debug|Any CPU.ActiveCfg = Debug|Any CPU
		{B1EDF9A5-4069-4B49-89F2-07481F3BA4D0}.Debug|Any CPU.Build.0 = Debug|Any CPU
		{B1EDF9A5-4069-4B49-89F2-07481F3BA4D0}.Debug|ARM.ActiveCfg = Debug|Any CPU
		{B1EDF9A5-4069-4B49-89F2-07481F3BA4D0}.Debug|Mixed Platforms.ActiveCfg = Debug|Any CPU
		{B1EDF9A5-4069-4B49-89F2-07481F3BA4D0}.Debug|Mixed Platforms.Build.0 = Debug|Any CPU
		{B1EDF9A5-4069-4B49-89F2-07481F3BA4D0}.Debug|x64.ActiveCfg = Debug|Any CPU
		{B1EDF9A5-4069-4B49-89F2-07481F3BA4D0}.Debug|x86.ActiveCfg = Debug|Any CPU
		{B1EDF9A5-4069-4B49-89F2-07481F3BA4D0}.Release|Any CPU.ActiveCfg = Release|Any CPU
		{B1EDF9A5-4069-4B49-89F2-07481F3BA4D0}.Release|Any CPU.Build.0 = Release|Any CPU
		{B1EDF9A5-4069-4B49-89F2-07481F3BA4D0}.Release|ARM.ActiveCfg = Release|Any CPU
		{B1EDF9A5-4069-4B49-89F2-07481F3BA4D0}.Release|Mixed Platforms.ActiveCfg = Release|Any CPU
		{B1EDF9A5-4069-4B49-89F2-07481F3BA4D0}.Release|Mixed Platforms.Build.0 = Release|Any CPU
		{B1EDF9A5-4069-4B49-89F2-07481F3BA4D0}.Release|x64.ActiveCfg = Release|Any CPU
		{B1EDF9A5-4069-4B49-89F2-07481F3BA4D0}.Release|x64.Build.0 = Release|Any CPU
		{B1EDF9A5-4069-4B49-89F2-07481F3BA4D0}.Release|x86.ActiveCfg = Release|Any CPU
		{B1EDF9A5-4069-4B49-89F2-07481F3BA4D0}.Release|x86.Build.0 = Release|Any CPU
		{2181CDBE-F473-4B57-A2B3-961192C80FB4}.Debug|Any CPU.ActiveCfg = Debug|Any CPU
		{2181CDBE-F473-4B57-A2B3-961192C80FB4}.Debug|Any CPU.Build.0 = Debug|Any CPU
		{2181CDBE-F473-4B57-A2B3-961192C80FB4}.Debug|Any CPU.Deploy.0 = Debug|Any CPU
		{2181CDBE-F473-4B57-A2B3-961192C80FB4}.Debug|ARM.ActiveCfg = Debug|ARM
		{2181CDBE-F473-4B57-A2B3-961192C80FB4}.Debug|ARM.Build.0 = Debug|ARM
		{2181CDBE-F473-4B57-A2B3-961192C80FB4}.Debug|ARM.Deploy.0 = Debug|ARM
		{2181CDBE-F473-4B57-A2B3-961192C80FB4}.Debug|Mixed Platforms.ActiveCfg = Debug|x86
		{2181CDBE-F473-4B57-A2B3-961192C80FB4}.Debug|Mixed Platforms.Build.0 = Debug|x86
		{2181CDBE-F473-4B57-A2B3-961192C80FB4}.Debug|Mixed Platforms.Deploy.0 = Debug|x86
		{2181CDBE-F473-4B57-A2B3-961192C80FB4}.Debug|x64.ActiveCfg = Debug|Any CPU
		{2181CDBE-F473-4B57-A2B3-961192C80FB4}.Debug|x86.ActiveCfg = Debug|x86
		{2181CDBE-F473-4B57-A2B3-961192C80FB4}.Debug|x86.Build.0 = Debug|x86
		{2181CDBE-F473-4B57-A2B3-961192C80FB4}.Debug|x86.Deploy.0 = Debug|x86
		{2181CDBE-F473-4B57-A2B3-961192C80FB4}.Release|Any CPU.ActiveCfg = Release|Any CPU
		{2181CDBE-F473-4B57-A2B3-961192C80FB4}.Release|Any CPU.Build.0 = Release|Any CPU
		{2181CDBE-F473-4B57-A2B3-961192C80FB4}.Release|Any CPU.Deploy.0 = Release|Any CPU
		{2181CDBE-F473-4B57-A2B3-961192C80FB4}.Release|ARM.ActiveCfg = Release|ARM
		{2181CDBE-F473-4B57-A2B3-961192C80FB4}.Release|ARM.Build.0 = Release|ARM
		{2181CDBE-F473-4B57-A2B3-961192C80FB4}.Release|ARM.Deploy.0 = Release|ARM
		{2181CDBE-F473-4B57-A2B3-961192C80FB4}.Release|Mixed Platforms.ActiveCfg = Release|Any CPU
		{2181CDBE-F473-4B57-A2B3-961192C80FB4}.Release|Mixed Platforms.Build.0 = Release|Any CPU
		{2181CDBE-F473-4B57-A2B3-961192C80FB4}.Release|Mixed Platforms.Deploy.0 = Release|Any CPU
		{2181CDBE-F473-4B57-A2B3-961192C80FB4}.Release|x64.ActiveCfg = Release|Any CPU
		{2181CDBE-F473-4B57-A2B3-961192C80FB4}.Release|x64.Build.0 = Release|Any CPU
		{2181CDBE-F473-4B57-A2B3-961192C80FB4}.Release|x64.Deploy.0 = Release|Any CPU
		{2181CDBE-F473-4B57-A2B3-961192C80FB4}.Release|x86.ActiveCfg = Release|x86
		{2181CDBE-F473-4B57-A2B3-961192C80FB4}.Release|x86.Build.0 = Release|x86
		{2181CDBE-F473-4B57-A2B3-961192C80FB4}.Release|x86.Deploy.0 = Release|x86
		{49AC96C0-71EB-4A08-ACC3-8079385A040F}.Debug|Any CPU.ActiveCfg = Debug|Any CPU
		{49AC96C0-71EB-4A08-ACC3-8079385A040F}.Debug|Any CPU.Build.0 = Debug|Any CPU
		{49AC96C0-71EB-4A08-ACC3-8079385A040F}.Debug|ARM.ActiveCfg = Debug|Any CPU
		{49AC96C0-71EB-4A08-ACC3-8079385A040F}.Debug|Mixed Platforms.ActiveCfg = Debug|Any CPU
		{49AC96C0-71EB-4A08-ACC3-8079385A040F}.Debug|Mixed Platforms.Build.0 = Debug|Any CPU
		{49AC96C0-71EB-4A08-ACC3-8079385A040F}.Debug|x64.ActiveCfg = Debug|Any CPU
		{49AC96C0-71EB-4A08-ACC3-8079385A040F}.Debug|x86.ActiveCfg = Debug|Any CPU
		{49AC96C0-71EB-4A08-ACC3-8079385A040F}.Release|Any CPU.ActiveCfg = Release|Any CPU
		{49AC96C0-71EB-4A08-ACC3-8079385A040F}.Release|Any CPU.Build.0 = Release|Any CPU
		{49AC96C0-71EB-4A08-ACC3-8079385A040F}.Release|ARM.ActiveCfg = Release|Any CPU
		{49AC96C0-71EB-4A08-ACC3-8079385A040F}.Release|Mixed Platforms.ActiveCfg = Release|Any CPU
		{49AC96C0-71EB-4A08-ACC3-8079385A040F}.Release|Mixed Platforms.Build.0 = Release|Any CPU
		{49AC96C0-71EB-4A08-ACC3-8079385A040F}.Release|x64.ActiveCfg = Release|Any CPU
		{49AC96C0-71EB-4A08-ACC3-8079385A040F}.Release|x64.Build.0 = Release|Any CPU
		{49AC96C0-71EB-4A08-ACC3-8079385A040F}.Release|x86.ActiveCfg = Release|Any CPU
		{49AC96C0-71EB-4A08-ACC3-8079385A040F}.Release|x86.Build.0 = Release|Any CPU
		{77E305CF-0D43-437C-9D82-ACF434094AF0}.Debug|Any CPU.ActiveCfg = Debug|Any CPU
		{77E305CF-0D43-437C-9D82-ACF434094AF0}.Debug|Any CPU.Build.0 = Debug|Any CPU
		{77E305CF-0D43-437C-9D82-ACF434094AF0}.Debug|ARM.ActiveCfg = Debug|Any CPU
		{77E305CF-0D43-437C-9D82-ACF434094AF0}.Debug|Mixed Platforms.ActiveCfg = Debug|Any CPU
		{77E305CF-0D43-437C-9D82-ACF434094AF0}.Debug|Mixed Platforms.Build.0 = Debug|Any CPU
		{77E305CF-0D43-437C-9D82-ACF434094AF0}.Debug|x64.ActiveCfg = Debug|Any CPU
		{77E305CF-0D43-437C-9D82-ACF434094AF0}.Debug|x86.ActiveCfg = Debug|Any CPU
		{77E305CF-0D43-437C-9D82-ACF434094AF0}.Release|Any CPU.ActiveCfg = Release|Any CPU
		{77E305CF-0D43-437C-9D82-ACF434094AF0}.Release|Any CPU.Build.0 = Release|Any CPU
		{77E305CF-0D43-437C-9D82-ACF434094AF0}.Release|ARM.ActiveCfg = Release|Any CPU
		{77E305CF-0D43-437C-9D82-ACF434094AF0}.Release|Mixed Platforms.ActiveCfg = Release|Any CPU
		{77E305CF-0D43-437C-9D82-ACF434094AF0}.Release|Mixed Platforms.Build.0 = Release|Any CPU
		{77E305CF-0D43-437C-9D82-ACF434094AF0}.Release|x64.ActiveCfg = Release|Any CPU
		{77E305CF-0D43-437C-9D82-ACF434094AF0}.Release|x64.Build.0 = Release|Any CPU
		{77E305CF-0D43-437C-9D82-ACF434094AF0}.Release|x86.ActiveCfg = Release|Any CPU
		{77E305CF-0D43-437C-9D82-ACF434094AF0}.Release|x86.Build.0 = Release|Any CPU
		{92EDAB67-6253-4B8F-BF90-5946BF7D167F}.Debug|Any CPU.ActiveCfg = Debug|Any CPU
		{92EDAB67-6253-4B8F-BF90-5946BF7D167F}.Debug|Any CPU.Build.0 = Debug|Any CPU
		{92EDAB67-6253-4B8F-BF90-5946BF7D167F}.Debug|Any CPU.Deploy.0 = Debug|Any CPU
		{92EDAB67-6253-4B8F-BF90-5946BF7D167F}.Debug|ARM.ActiveCfg = Debug|ARM
		{92EDAB67-6253-4B8F-BF90-5946BF7D167F}.Debug|ARM.Build.0 = Debug|ARM
		{92EDAB67-6253-4B8F-BF90-5946BF7D167F}.Debug|ARM.Deploy.0 = Debug|ARM
		{92EDAB67-6253-4B8F-BF90-5946BF7D167F}.Debug|Mixed Platforms.ActiveCfg = Debug|x86
		{92EDAB67-6253-4B8F-BF90-5946BF7D167F}.Debug|Mixed Platforms.Build.0 = Debug|x86
		{92EDAB67-6253-4B8F-BF90-5946BF7D167F}.Debug|Mixed Platforms.Deploy.0 = Debug|x86
		{92EDAB67-6253-4B8F-BF90-5946BF7D167F}.Debug|x64.ActiveCfg = Debug|Any CPU
		{92EDAB67-6253-4B8F-BF90-5946BF7D167F}.Debug|x86.ActiveCfg = Debug|Any CPU
		{92EDAB67-6253-4B8F-BF90-5946BF7D167F}.Debug|x86.Build.0 = Debug|Any CPU
		{92EDAB67-6253-4B8F-BF90-5946BF7D167F}.Debug|x86.Deploy.0 = Debug|Any CPU
		{92EDAB67-6253-4B8F-BF90-5946BF7D167F}.Release|Any CPU.ActiveCfg = Release|Any CPU
		{92EDAB67-6253-4B8F-BF90-5946BF7D167F}.Release|Any CPU.Build.0 = Release|Any CPU
		{92EDAB67-6253-4B8F-BF90-5946BF7D167F}.Release|Any CPU.Deploy.0 = Release|Any CPU
		{92EDAB67-6253-4B8F-BF90-5946BF7D167F}.Release|ARM.ActiveCfg = Release|ARM
		{92EDAB67-6253-4B8F-BF90-5946BF7D167F}.Release|ARM.Build.0 = Release|ARM
		{92EDAB67-6253-4B8F-BF90-5946BF7D167F}.Release|ARM.Deploy.0 = Release|ARM
		{92EDAB67-6253-4B8F-BF90-5946BF7D167F}.Release|Mixed Platforms.ActiveCfg = Release|Any CPU
		{92EDAB67-6253-4B8F-BF90-5946BF7D167F}.Release|Mixed Platforms.Build.0 = Release|Any CPU
		{92EDAB67-6253-4B8F-BF90-5946BF7D167F}.Release|Mixed Platforms.Deploy.0 = Release|Any CPU
		{92EDAB67-6253-4B8F-BF90-5946BF7D167F}.Release|x64.ActiveCfg = Release|Any CPU
		{92EDAB67-6253-4B8F-BF90-5946BF7D167F}.Release|x64.Build.0 = Release|Any CPU
		{92EDAB67-6253-4B8F-BF90-5946BF7D167F}.Release|x64.Deploy.0 = Release|Any CPU
		{92EDAB67-6253-4B8F-BF90-5946BF7D167F}.Release|x86.ActiveCfg = Release|x86
		{92EDAB67-6253-4B8F-BF90-5946BF7D167F}.Release|x86.Build.0 = Release|x86
		{92EDAB67-6253-4B8F-BF90-5946BF7D167F}.Release|x86.Deploy.0 = Release|x86
		{2E7F201B-D225-4F83-A1AA-234EFF3E4A3D}.Debug|Any CPU.ActiveCfg = Debug|Any CPU
		{2E7F201B-D225-4F83-A1AA-234EFF3E4A3D}.Debug|Any CPU.Build.0 = Debug|Any CPU
		{2E7F201B-D225-4F83-A1AA-234EFF3E4A3D}.Debug|ARM.ActiveCfg = Debug|Any CPU
		{2E7F201B-D225-4F83-A1AA-234EFF3E4A3D}.Debug|Mixed Platforms.ActiveCfg = Debug|Any CPU
		{2E7F201B-D225-4F83-A1AA-234EFF3E4A3D}.Debug|Mixed Platforms.Build.0 = Debug|Any CPU
		{2E7F201B-D225-4F83-A1AA-234EFF3E4A3D}.Debug|x64.ActiveCfg = Debug|Any CPU
		{2E7F201B-D225-4F83-A1AA-234EFF3E4A3D}.Debug|x86.ActiveCfg = Debug|Any CPU
		{2E7F201B-D225-4F83-A1AA-234EFF3E4A3D}.Release|Any CPU.ActiveCfg = Release|Any CPU
		{2E7F201B-D225-4F83-A1AA-234EFF3E4A3D}.Release|Any CPU.Build.0 = Release|Any CPU
		{2E7F201B-D225-4F83-A1AA-234EFF3E4A3D}.Release|ARM.ActiveCfg = Release|Any CPU
		{2E7F201B-D225-4F83-A1AA-234EFF3E4A3D}.Release|Mixed Platforms.ActiveCfg = Release|Any CPU
		{2E7F201B-D225-4F83-A1AA-234EFF3E4A3D}.Release|Mixed Platforms.Build.0 = Release|Any CPU
		{2E7F201B-D225-4F83-A1AA-234EFF3E4A3D}.Release|x64.ActiveCfg = Release|Any CPU
		{2E7F201B-D225-4F83-A1AA-234EFF3E4A3D}.Release|x64.Build.0 = Release|Any CPU
		{2E7F201B-D225-4F83-A1AA-234EFF3E4A3D}.Release|x86.ActiveCfg = Release|Any CPU
		{2E7F201B-D225-4F83-A1AA-234EFF3E4A3D}.Release|x86.Build.0 = Release|Any CPU
		{04539694-DCA6-49EF-BC14-3D876B3D129A}.Debug|Any CPU.ActiveCfg = Debug|Any CPU
		{04539694-DCA6-49EF-BC14-3D876B3D129A}.Debug|Any CPU.Build.0 = Debug|Any CPU
		{04539694-DCA6-49EF-BC14-3D876B3D129A}.Debug|ARM.ActiveCfg = Debug|Any CPU
		{04539694-DCA6-49EF-BC14-3D876B3D129A}.Debug|Mixed Platforms.ActiveCfg = Debug|Any CPU
		{04539694-DCA6-49EF-BC14-3D876B3D129A}.Debug|Mixed Platforms.Build.0 = Debug|Any CPU
		{04539694-DCA6-49EF-BC14-3D876B3D129A}.Debug|x64.ActiveCfg = Debug|Any CPU
		{04539694-DCA6-49EF-BC14-3D876B3D129A}.Debug|x86.ActiveCfg = Debug|Any CPU
		{04539694-DCA6-49EF-BC14-3D876B3D129A}.Release|Any CPU.ActiveCfg = Release|Any CPU
		{04539694-DCA6-49EF-BC14-3D876B3D129A}.Release|Any CPU.Build.0 = Release|Any CPU
		{04539694-DCA6-49EF-BC14-3D876B3D129A}.Release|ARM.ActiveCfg = Release|Any CPU
		{04539694-DCA6-49EF-BC14-3D876B3D129A}.Release|Mixed Platforms.ActiveCfg = Release|Any CPU
		{04539694-DCA6-49EF-BC14-3D876B3D129A}.Release|Mixed Platforms.Build.0 = Release|Any CPU
		{04539694-DCA6-49EF-BC14-3D876B3D129A}.Release|x64.ActiveCfg = Release|Any CPU
		{04539694-DCA6-49EF-BC14-3D876B3D129A}.Release|x64.Build.0 = Release|Any CPU
		{04539694-DCA6-49EF-BC14-3D876B3D129A}.Release|x86.ActiveCfg = Release|Any CPU
		{04539694-DCA6-49EF-BC14-3D876B3D129A}.Release|x86.Build.0 = Release|Any CPU
		{2C80E47C-EABD-486A-B708-7F4EE11E2CC6}.Debug|Any CPU.ActiveCfg = Debug|Any CPU
		{2C80E47C-EABD-486A-B708-7F4EE11E2CC6}.Debug|Any CPU.Build.0 = Debug|Any CPU
		{2C80E47C-EABD-486A-B708-7F4EE11E2CC6}.Debug|ARM.ActiveCfg = Debug|Any CPU
		{2C80E47C-EABD-486A-B708-7F4EE11E2CC6}.Debug|Mixed Platforms.ActiveCfg = Debug|Any CPU
		{2C80E47C-EABD-486A-B708-7F4EE11E2CC6}.Debug|Mixed Platforms.Build.0 = Debug|Any CPU
		{2C80E47C-EABD-486A-B708-7F4EE11E2CC6}.Debug|x64.ActiveCfg = Debug|Any CPU
		{2C80E47C-EABD-486A-B708-7F4EE11E2CC6}.Debug|x86.ActiveCfg = Debug|Any CPU
		{2C80E47C-EABD-486A-B708-7F4EE11E2CC6}.Debug|x86.Build.0 = Debug|Any CPU
		{2C80E47C-EABD-486A-B708-7F4EE11E2CC6}.Release|Any CPU.ActiveCfg = Release|Any CPU
		{2C80E47C-EABD-486A-B708-7F4EE11E2CC6}.Release|Any CPU.Build.0 = Release|Any CPU
		{2C80E47C-EABD-486A-B708-7F4EE11E2CC6}.Release|ARM.ActiveCfg = Release|Any CPU
		{2C80E47C-EABD-486A-B708-7F4EE11E2CC6}.Release|Mixed Platforms.ActiveCfg = Release|Any CPU
		{2C80E47C-EABD-486A-B708-7F4EE11E2CC6}.Release|Mixed Platforms.Build.0 = Release|Any CPU
		{2C80E47C-EABD-486A-B708-7F4EE11E2CC6}.Release|x64.ActiveCfg = Release|Any CPU
		{2C80E47C-EABD-486A-B708-7F4EE11E2CC6}.Release|x64.Build.0 = Release|Any CPU
		{2C80E47C-EABD-486A-B708-7F4EE11E2CC6}.Release|x86.ActiveCfg = Release|Any CPU
		{2C80E47C-EABD-486A-B708-7F4EE11E2CC6}.Release|x86.Build.0 = Release|Any CPU
		{9B9D4F9E-3192-49B0-9C98-AEADC2FAA3C6}.Debug|Any CPU.ActiveCfg = Debug|Any CPU
		{9B9D4F9E-3192-49B0-9C98-AEADC2FAA3C6}.Debug|Any CPU.Build.0 = Debug|Any CPU
		{9B9D4F9E-3192-49B0-9C98-AEADC2FAA3C6}.Debug|ARM.ActiveCfg = Debug|Any CPU
		{9B9D4F9E-3192-49B0-9C98-AEADC2FAA3C6}.Debug|Mixed Platforms.ActiveCfg = Debug|Any CPU
		{9B9D4F9E-3192-49B0-9C98-AEADC2FAA3C6}.Debug|Mixed Platforms.Build.0 = Debug|Any CPU
		{9B9D4F9E-3192-49B0-9C98-AEADC2FAA3C6}.Debug|x64.ActiveCfg = Debug|Any CPU
		{9B9D4F9E-3192-49B0-9C98-AEADC2FAA3C6}.Debug|x86.ActiveCfg = Debug|Any CPU
		{9B9D4F9E-3192-49B0-9C98-AEADC2FAA3C6}.Debug|x86.Build.0 = Debug|Any CPU
		{9B9D4F9E-3192-49B0-9C98-AEADC2FAA3C6}.Release|Any CPU.ActiveCfg = Release|Any CPU
		{9B9D4F9E-3192-49B0-9C98-AEADC2FAA3C6}.Release|Any CPU.Build.0 = Release|Any CPU
		{9B9D4F9E-3192-49B0-9C98-AEADC2FAA3C6}.Release|ARM.ActiveCfg = Release|Any CPU
		{9B9D4F9E-3192-49B0-9C98-AEADC2FAA3C6}.Release|Mixed Platforms.ActiveCfg = Release|Any CPU
		{9B9D4F9E-3192-49B0-9C98-AEADC2FAA3C6}.Release|Mixed Platforms.Build.0 = Release|Any CPU
		{9B9D4F9E-3192-49B0-9C98-AEADC2FAA3C6}.Release|x64.ActiveCfg = Release|Any CPU
		{9B9D4F9E-3192-49B0-9C98-AEADC2FAA3C6}.Release|x64.Build.0 = Release|Any CPU
		{9B9D4F9E-3192-49B0-9C98-AEADC2FAA3C6}.Release|x86.ActiveCfg = Release|Any CPU
		{9B9D4F9E-3192-49B0-9C98-AEADC2FAA3C6}.Release|x86.Build.0 = Release|Any CPU
		{703E9E2D-A2C9-49C9-9D02-4813E9C098FD}.Debug|Any CPU.ActiveCfg = Debug|Any CPU
		{703E9E2D-A2C9-49C9-9D02-4813E9C098FD}.Debug|Any CPU.Build.0 = Debug|Any CPU
		{703E9E2D-A2C9-49C9-9D02-4813E9C098FD}.Debug|ARM.ActiveCfg = Debug|ARM
		{703E9E2D-A2C9-49C9-9D02-4813E9C098FD}.Debug|ARM.Build.0 = Debug|ARM
		{703E9E2D-A2C9-49C9-9D02-4813E9C098FD}.Debug|Mixed Platforms.ActiveCfg = Debug|x86
		{703E9E2D-A2C9-49C9-9D02-4813E9C098FD}.Debug|Mixed Platforms.Build.0 = Debug|x86
		{703E9E2D-A2C9-49C9-9D02-4813E9C098FD}.Debug|x64.ActiveCfg = Debug|x64
		{703E9E2D-A2C9-49C9-9D02-4813E9C098FD}.Debug|x64.Build.0 = Debug|x64
		{703E9E2D-A2C9-49C9-9D02-4813E9C098FD}.Debug|x86.ActiveCfg = Debug|x86
		{703E9E2D-A2C9-49C9-9D02-4813E9C098FD}.Debug|x86.Build.0 = Debug|x86
		{703E9E2D-A2C9-49C9-9D02-4813E9C098FD}.Release|Any CPU.ActiveCfg = Release|Any CPU
		{703E9E2D-A2C9-49C9-9D02-4813E9C098FD}.Release|Any CPU.Build.0 = Release|Any CPU
		{703E9E2D-A2C9-49C9-9D02-4813E9C098FD}.Release|ARM.ActiveCfg = Release|ARM
		{703E9E2D-A2C9-49C9-9D02-4813E9C098FD}.Release|ARM.Build.0 = Release|ARM
		{703E9E2D-A2C9-49C9-9D02-4813E9C098FD}.Release|Mixed Platforms.ActiveCfg = Release|Any CPU
		{703E9E2D-A2C9-49C9-9D02-4813E9C098FD}.Release|Mixed Platforms.Build.0 = Release|Any CPU
		{703E9E2D-A2C9-49C9-9D02-4813E9C098FD}.Release|x64.ActiveCfg = Release|x64
		{703E9E2D-A2C9-49C9-9D02-4813E9C098FD}.Release|x64.Build.0 = Release|x64
		{703E9E2D-A2C9-49C9-9D02-4813E9C098FD}.Release|x86.ActiveCfg = Release|x86
		{703E9E2D-A2C9-49C9-9D02-4813E9C098FD}.Release|x86.Build.0 = Release|x86
		{A9EAD083-DC12-4F2F-B203-2672730ACC07}.Debug|Any CPU.ActiveCfg = Debug|Any CPU
		{A9EAD083-DC12-4F2F-B203-2672730ACC07}.Debug|Any CPU.Build.0 = Debug|Any CPU
		{A9EAD083-DC12-4F2F-B203-2672730ACC07}.Debug|ARM.ActiveCfg = Debug|Any CPU
		{A9EAD083-DC12-4F2F-B203-2672730ACC07}.Debug|Mixed Platforms.ActiveCfg = Debug|Any CPU
		{A9EAD083-DC12-4F2F-B203-2672730ACC07}.Debug|Mixed Platforms.Build.0 = Debug|Any CPU
		{A9EAD083-DC12-4F2F-B203-2672730ACC07}.Debug|x64.ActiveCfg = Debug|Any CPU
		{A9EAD083-DC12-4F2F-B203-2672730ACC07}.Debug|x86.ActiveCfg = Debug|Any CPU
		{A9EAD083-DC12-4F2F-B203-2672730ACC07}.Debug|x86.Build.0 = Debug|Any CPU
		{A9EAD083-DC12-4F2F-B203-2672730ACC07}.Release|Any CPU.ActiveCfg = Release|Any CPU
		{A9EAD083-DC12-4F2F-B203-2672730ACC07}.Release|Any CPU.Build.0 = Release|Any CPU
		{A9EAD083-DC12-4F2F-B203-2672730ACC07}.Release|ARM.ActiveCfg = Release|Any CPU
		{A9EAD083-DC12-4F2F-B203-2672730ACC07}.Release|Mixed Platforms.ActiveCfg = Release|Any CPU
		{A9EAD083-DC12-4F2F-B203-2672730ACC07}.Release|Mixed Platforms.Build.0 = Release|Any CPU
		{A9EAD083-DC12-4F2F-B203-2672730ACC07}.Release|x64.ActiveCfg = Release|Any CPU
		{A9EAD083-DC12-4F2F-B203-2672730ACC07}.Release|x64.Build.0 = Release|Any CPU
		{A9EAD083-DC12-4F2F-B203-2672730ACC07}.Release|x86.ActiveCfg = Release|Any CPU
		{A9EAD083-DC12-4F2F-B203-2672730ACC07}.Release|x86.Build.0 = Release|Any CPU
		{739CAB0C-67B2-4260-9AEC-2C56335786C4}.Debug|Any CPU.ActiveCfg = Debug|Any CPU
		{739CAB0C-67B2-4260-9AEC-2C56335786C4}.Debug|Any CPU.Build.0 = Debug|Any CPU
		{739CAB0C-67B2-4260-9AEC-2C56335786C4}.Debug|Any CPU.Deploy.0 = Debug|Any CPU
		{739CAB0C-67B2-4260-9AEC-2C56335786C4}.Debug|ARM.ActiveCfg = Debug|ARM
		{739CAB0C-67B2-4260-9AEC-2C56335786C4}.Debug|ARM.Build.0 = Debug|ARM
		{739CAB0C-67B2-4260-9AEC-2C56335786C4}.Debug|ARM.Deploy.0 = Debug|ARM
		{739CAB0C-67B2-4260-9AEC-2C56335786C4}.Debug|Mixed Platforms.ActiveCfg = Debug|x86
		{739CAB0C-67B2-4260-9AEC-2C56335786C4}.Debug|Mixed Platforms.Build.0 = Debug|x86
		{739CAB0C-67B2-4260-9AEC-2C56335786C4}.Debug|Mixed Platforms.Deploy.0 = Debug|x86
		{739CAB0C-67B2-4260-9AEC-2C56335786C4}.Debug|x64.ActiveCfg = Debug|x86
		{739CAB0C-67B2-4260-9AEC-2C56335786C4}.Debug|x86.ActiveCfg = Debug|Any CPU
		{739CAB0C-67B2-4260-9AEC-2C56335786C4}.Debug|x86.Build.0 = Debug|Any CPU
		{739CAB0C-67B2-4260-9AEC-2C56335786C4}.Debug|x86.Deploy.0 = Debug|Any CPU
		{739CAB0C-67B2-4260-9AEC-2C56335786C4}.Release|Any CPU.ActiveCfg = Release|Any CPU
		{739CAB0C-67B2-4260-9AEC-2C56335786C4}.Release|Any CPU.Build.0 = Release|Any CPU
		{739CAB0C-67B2-4260-9AEC-2C56335786C4}.Release|Any CPU.Deploy.0 = Release|Any CPU
		{739CAB0C-67B2-4260-9AEC-2C56335786C4}.Release|ARM.ActiveCfg = Release|ARM
		{739CAB0C-67B2-4260-9AEC-2C56335786C4}.Release|ARM.Build.0 = Release|ARM
		{739CAB0C-67B2-4260-9AEC-2C56335786C4}.Release|ARM.Deploy.0 = Release|ARM
		{739CAB0C-67B2-4260-9AEC-2C56335786C4}.Release|Mixed Platforms.ActiveCfg = Release|Any CPU
		{739CAB0C-67B2-4260-9AEC-2C56335786C4}.Release|Mixed Platforms.Build.0 = Release|Any CPU
		{739CAB0C-67B2-4260-9AEC-2C56335786C4}.Release|Mixed Platforms.Deploy.0 = Release|Any CPU
		{739CAB0C-67B2-4260-9AEC-2C56335786C4}.Release|x64.ActiveCfg = Release|Any CPU
		{739CAB0C-67B2-4260-9AEC-2C56335786C4}.Release|x64.Build.0 = Release|Any CPU
		{739CAB0C-67B2-4260-9AEC-2C56335786C4}.Release|x64.Deploy.0 = Release|Any CPU
		{739CAB0C-67B2-4260-9AEC-2C56335786C4}.Release|x86.ActiveCfg = Release|x86
		{739CAB0C-67B2-4260-9AEC-2C56335786C4}.Release|x86.Build.0 = Release|x86
		{739CAB0C-67B2-4260-9AEC-2C56335786C4}.Release|x86.Deploy.0 = Release|x86
		{08EFB84F-64D8-45C5-B917-927929C405F6}.Debug|Any CPU.ActiveCfg = Debug|Any CPU
		{08EFB84F-64D8-45C5-B917-927929C405F6}.Debug|Any CPU.Build.0 = Debug|Any CPU
		{08EFB84F-64D8-45C5-B917-927929C405F6}.Debug|Any CPU.Deploy.0 = Debug|Any CPU
		{08EFB84F-64D8-45C5-B917-927929C405F6}.Debug|ARM.ActiveCfg = Debug|ARM
		{08EFB84F-64D8-45C5-B917-927929C405F6}.Debug|ARM.Build.0 = Debug|ARM
		{08EFB84F-64D8-45C5-B917-927929C405F6}.Debug|ARM.Deploy.0 = Debug|ARM
		{08EFB84F-64D8-45C5-B917-927929C405F6}.Debug|Mixed Platforms.ActiveCfg = Debug|x86
		{08EFB84F-64D8-45C5-B917-927929C405F6}.Debug|Mixed Platforms.Build.0 = Debug|x86
		{08EFB84F-64D8-45C5-B917-927929C405F6}.Debug|Mixed Platforms.Deploy.0 = Debug|x86
		{08EFB84F-64D8-45C5-B917-927929C405F6}.Debug|x64.ActiveCfg = Debug|x64
		{08EFB84F-64D8-45C5-B917-927929C405F6}.Debug|x64.Build.0 = Debug|x64
		{08EFB84F-64D8-45C5-B917-927929C405F6}.Debug|x64.Deploy.0 = Debug|x64
		{08EFB84F-64D8-45C5-B917-927929C405F6}.Debug|x86.ActiveCfg = Debug|x86
		{08EFB84F-64D8-45C5-B917-927929C405F6}.Debug|x86.Build.0 = Debug|x86
		{08EFB84F-64D8-45C5-B917-927929C405F6}.Debug|x86.Deploy.0 = Debug|x86
		{08EFB84F-64D8-45C5-B917-927929C405F6}.Release|Any CPU.ActiveCfg = Release|Any CPU
		{08EFB84F-64D8-45C5-B917-927929C405F6}.Release|Any CPU.Build.0 = Release|Any CPU
		{08EFB84F-64D8-45C5-B917-927929C405F6}.Release|Any CPU.Deploy.0 = Release|Any CPU
		{08EFB84F-64D8-45C5-B917-927929C405F6}.Release|ARM.ActiveCfg = Release|ARM
		{08EFB84F-64D8-45C5-B917-927929C405F6}.Release|ARM.Build.0 = Release|ARM
		{08EFB84F-64D8-45C5-B917-927929C405F6}.Release|ARM.Deploy.0 = Release|ARM
		{08EFB84F-64D8-45C5-B917-927929C405F6}.Release|Mixed Platforms.ActiveCfg = Release|Any CPU
		{08EFB84F-64D8-45C5-B917-927929C405F6}.Release|Mixed Platforms.Build.0 = Release|Any CPU
		{08EFB84F-64D8-45C5-B917-927929C405F6}.Release|Mixed Platforms.Deploy.0 = Release|Any CPU
		{08EFB84F-64D8-45C5-B917-927929C405F6}.Release|x64.ActiveCfg = Release|x64
		{08EFB84F-64D8-45C5-B917-927929C405F6}.Release|x64.Build.0 = Release|x64
		{08EFB84F-64D8-45C5-B917-927929C405F6}.Release|x64.Deploy.0 = Release|x64
		{08EFB84F-64D8-45C5-B917-927929C405F6}.Release|x86.ActiveCfg = Release|x86
		{08EFB84F-64D8-45C5-B917-927929C405F6}.Release|x86.Build.0 = Release|x86
		{08EFB84F-64D8-45C5-B917-927929C405F6}.Release|x86.Deploy.0 = Release|x86
		{9D744211-42D7-474C-8A07-ABC7A56D5E0E}.Debug|Any CPU.ActiveCfg = Debug|Any CPU
		{9D744211-42D7-474C-8A07-ABC7A56D5E0E}.Debug|Any CPU.Build.0 = Debug|Any CPU
		{9D744211-42D7-474C-8A07-ABC7A56D5E0E}.Debug|Any CPU.Deploy.0 = Debug|Any CPU
		{9D744211-42D7-474C-8A07-ABC7A56D5E0E}.Debug|ARM.ActiveCfg = Debug|ARM
		{9D744211-42D7-474C-8A07-ABC7A56D5E0E}.Debug|ARM.Build.0 = Debug|ARM
		{9D744211-42D7-474C-8A07-ABC7A56D5E0E}.Debug|ARM.Deploy.0 = Debug|ARM
		{9D744211-42D7-474C-8A07-ABC7A56D5E0E}.Debug|Mixed Platforms.ActiveCfg = Debug|x86
		{9D744211-42D7-474C-8A07-ABC7A56D5E0E}.Debug|Mixed Platforms.Build.0 = Debug|x86
		{9D744211-42D7-474C-8A07-ABC7A56D5E0E}.Debug|Mixed Platforms.Deploy.0 = Debug|x86
		{9D744211-42D7-474C-8A07-ABC7A56D5E0E}.Debug|x64.ActiveCfg = Debug|x64
		{9D744211-42D7-474C-8A07-ABC7A56D5E0E}.Debug|x64.Build.0 = Debug|x64
		{9D744211-42D7-474C-8A07-ABC7A56D5E0E}.Debug|x64.Deploy.0 = Debug|x64
		{9D744211-42D7-474C-8A07-ABC7A56D5E0E}.Debug|x86.ActiveCfg = Debug|x86
		{9D744211-42D7-474C-8A07-ABC7A56D5E0E}.Debug|x86.Build.0 = Debug|x86
		{9D744211-42D7-474C-8A07-ABC7A56D5E0E}.Debug|x86.Deploy.0 = Debug|x86
		{9D744211-42D7-474C-8A07-ABC7A56D5E0E}.Release|Any CPU.ActiveCfg = Release|Any CPU
		{9D744211-42D7-474C-8A07-ABC7A56D5E0E}.Release|Any CPU.Build.0 = Release|Any CPU
		{9D744211-42D7-474C-8A07-ABC7A56D5E0E}.Release|Any CPU.Deploy.0 = Release|Any CPU
		{9D744211-42D7-474C-8A07-ABC7A56D5E0E}.Release|ARM.ActiveCfg = Release|ARM
		{9D744211-42D7-474C-8A07-ABC7A56D5E0E}.Release|ARM.Build.0 = Release|ARM
		{9D744211-42D7-474C-8A07-ABC7A56D5E0E}.Release|ARM.Deploy.0 = Release|ARM
		{9D744211-42D7-474C-8A07-ABC7A56D5E0E}.Release|Mixed Platforms.ActiveCfg = Release|Any CPU
		{9D744211-42D7-474C-8A07-ABC7A56D5E0E}.Release|Mixed Platforms.Build.0 = Release|Any CPU
		{9D744211-42D7-474C-8A07-ABC7A56D5E0E}.Release|Mixed Platforms.Deploy.0 = Release|Any CPU
		{9D744211-42D7-474C-8A07-ABC7A56D5E0E}.Release|x64.ActiveCfg = Release|x64
		{9D744211-42D7-474C-8A07-ABC7A56D5E0E}.Release|x64.Build.0 = Release|x64
		{9D744211-42D7-474C-8A07-ABC7A56D5E0E}.Release|x64.Deploy.0 = Release|x64
		{9D744211-42D7-474C-8A07-ABC7A56D5E0E}.Release|x86.ActiveCfg = Release|x86
		{9D744211-42D7-474C-8A07-ABC7A56D5E0E}.Release|x86.Build.0 = Release|x86
		{9D744211-42D7-474C-8A07-ABC7A56D5E0E}.Release|x86.Deploy.0 = Release|x86
		{309CA042-DAB5-4728-A7AF-8C2B4FA3D7D7}.Debug|Any CPU.ActiveCfg = Debug|Any CPU
		{309CA042-DAB5-4728-A7AF-8C2B4FA3D7D7}.Debug|Any CPU.Build.0 = Debug|Any CPU
		{309CA042-DAB5-4728-A7AF-8C2B4FA3D7D7}.Debug|ARM.ActiveCfg = Debug|ARM
		{309CA042-DAB5-4728-A7AF-8C2B4FA3D7D7}.Debug|ARM.Build.0 = Debug|ARM
		{309CA042-DAB5-4728-A7AF-8C2B4FA3D7D7}.Debug|Mixed Platforms.ActiveCfg = Debug|x86
		{309CA042-DAB5-4728-A7AF-8C2B4FA3D7D7}.Debug|Mixed Platforms.Build.0 = Debug|x86
		{309CA042-DAB5-4728-A7AF-8C2B4FA3D7D7}.Debug|x64.ActiveCfg = Debug|x64
		{309CA042-DAB5-4728-A7AF-8C2B4FA3D7D7}.Debug|x64.Build.0 = Debug|x64
		{309CA042-DAB5-4728-A7AF-8C2B4FA3D7D7}.Debug|x86.ActiveCfg = Debug|x86
		{309CA042-DAB5-4728-A7AF-8C2B4FA3D7D7}.Debug|x86.Build.0 = Debug|x86
		{309CA042-DAB5-4728-A7AF-8C2B4FA3D7D7}.Release|Any CPU.ActiveCfg = Release|Any CPU
		{309CA042-DAB5-4728-A7AF-8C2B4FA3D7D7}.Release|Any CPU.Build.0 = Release|Any CPU
		{309CA042-DAB5-4728-A7AF-8C2B4FA3D7D7}.Release|ARM.ActiveCfg = Release|ARM
		{309CA042-DAB5-4728-A7AF-8C2B4FA3D7D7}.Release|ARM.Build.0 = Release|ARM
		{309CA042-DAB5-4728-A7AF-8C2B4FA3D7D7}.Release|Mixed Platforms.ActiveCfg = Release|Any CPU
		{309CA042-DAB5-4728-A7AF-8C2B4FA3D7D7}.Release|Mixed Platforms.Build.0 = Release|Any CPU
		{309CA042-DAB5-4728-A7AF-8C2B4FA3D7D7}.Release|x64.ActiveCfg = Release|x64
		{309CA042-DAB5-4728-A7AF-8C2B4FA3D7D7}.Release|x64.Build.0 = Release|x64
		{309CA042-DAB5-4728-A7AF-8C2B4FA3D7D7}.Release|x86.ActiveCfg = Release|x86
		{309CA042-DAB5-4728-A7AF-8C2B4FA3D7D7}.Release|x86.Build.0 = Release|x86
		{FBFC5EF1-DF16-4AF8-9DF4-CD775035E0BA}.Debug|Any CPU.ActiveCfg = Debug|Any CPU
		{FBFC5EF1-DF16-4AF8-9DF4-CD775035E0BA}.Debug|Any CPU.Build.0 = Debug|Any CPU
		{FBFC5EF1-DF16-4AF8-9DF4-CD775035E0BA}.Debug|ARM.ActiveCfg = Debug|ARM
		{FBFC5EF1-DF16-4AF8-9DF4-CD775035E0BA}.Debug|ARM.Build.0 = Debug|ARM
		{FBFC5EF1-DF16-4AF8-9DF4-CD775035E0BA}.Debug|Mixed Platforms.ActiveCfg = Debug|x86
		{FBFC5EF1-DF16-4AF8-9DF4-CD775035E0BA}.Debug|Mixed Platforms.Build.0 = Debug|x86
		{FBFC5EF1-DF16-4AF8-9DF4-CD775035E0BA}.Debug|x64.ActiveCfg = Debug|x64
		{FBFC5EF1-DF16-4AF8-9DF4-CD775035E0BA}.Debug|x64.Build.0 = Debug|x64
		{FBFC5EF1-DF16-4AF8-9DF4-CD775035E0BA}.Debug|x86.ActiveCfg = Debug|x86
		{FBFC5EF1-DF16-4AF8-9DF4-CD775035E0BA}.Debug|x86.Build.0 = Debug|x86
		{FBFC5EF1-DF16-4AF8-9DF4-CD775035E0BA}.Release|Any CPU.ActiveCfg = Release|Any CPU
		{FBFC5EF1-DF16-4AF8-9DF4-CD775035E0BA}.Release|Any CPU.Build.0 = Release|Any CPU
		{FBFC5EF1-DF16-4AF8-9DF4-CD775035E0BA}.Release|ARM.ActiveCfg = Release|ARM
		{FBFC5EF1-DF16-4AF8-9DF4-CD775035E0BA}.Release|ARM.Build.0 = Release|ARM
		{FBFC5EF1-DF16-4AF8-9DF4-CD775035E0BA}.Release|Mixed Platforms.ActiveCfg = Release|Any CPU
		{FBFC5EF1-DF16-4AF8-9DF4-CD775035E0BA}.Release|Mixed Platforms.Build.0 = Release|Any CPU
		{FBFC5EF1-DF16-4AF8-9DF4-CD775035E0BA}.Release|x64.ActiveCfg = Release|x64
		{FBFC5EF1-DF16-4AF8-9DF4-CD775035E0BA}.Release|x64.Build.0 = Release|x64
		{FBFC5EF1-DF16-4AF8-9DF4-CD775035E0BA}.Release|x86.ActiveCfg = Release|x86
		{FBFC5EF1-DF16-4AF8-9DF4-CD775035E0BA}.Release|x86.Build.0 = Release|x86
		{9D6845CE-D55B-47CD-B4DD-DD35AE097AB9}.Debug|Any CPU.ActiveCfg = Debug|Any CPU
		{9D6845CE-D55B-47CD-B4DD-DD35AE097AB9}.Debug|Any CPU.Build.0 = Debug|Any CPU
		{9D6845CE-D55B-47CD-B4DD-DD35AE097AB9}.Debug|ARM.ActiveCfg = Debug|Any CPU
		{9D6845CE-D55B-47CD-B4DD-DD35AE097AB9}.Debug|Mixed Platforms.ActiveCfg = Debug|Any CPU
		{9D6845CE-D55B-47CD-B4DD-DD35AE097AB9}.Debug|Mixed Platforms.Build.0 = Debug|Any CPU
		{9D6845CE-D55B-47CD-B4DD-DD35AE097AB9}.Debug|x64.ActiveCfg = Debug|Any CPU
		{9D6845CE-D55B-47CD-B4DD-DD35AE097AB9}.Debug|x86.ActiveCfg = Debug|Any CPU
		{9D6845CE-D55B-47CD-B4DD-DD35AE097AB9}.Release|Any CPU.ActiveCfg = Release|Any CPU
		{9D6845CE-D55B-47CD-B4DD-DD35AE097AB9}.Release|Any CPU.Build.0 = Release|Any CPU
		{9D6845CE-D55B-47CD-B4DD-DD35AE097AB9}.Release|ARM.ActiveCfg = Release|Any CPU
		{9D6845CE-D55B-47CD-B4DD-DD35AE097AB9}.Release|Mixed Platforms.ActiveCfg = Release|Any CPU
		{9D6845CE-D55B-47CD-B4DD-DD35AE097AB9}.Release|Mixed Platforms.Build.0 = Release|Any CPU
		{9D6845CE-D55B-47CD-B4DD-DD35AE097AB9}.Release|x64.ActiveCfg = Release|Any CPU
		{9D6845CE-D55B-47CD-B4DD-DD35AE097AB9}.Release|x86.ActiveCfg = Release|Any CPU
		{74EF056A-260B-450D-9FE0-246EB86148EA}.Debug|Any CPU.ActiveCfg = Debug|Any CPU
		{74EF056A-260B-450D-9FE0-246EB86148EA}.Debug|Any CPU.Build.0 = Debug|Any CPU
		{74EF056A-260B-450D-9FE0-246EB86148EA}.Debug|ARM.ActiveCfg = Debug|Any CPU
		{74EF056A-260B-450D-9FE0-246EB86148EA}.Debug|Mixed Platforms.ActiveCfg = Debug|Any CPU
		{74EF056A-260B-450D-9FE0-246EB86148EA}.Debug|Mixed Platforms.Build.0 = Debug|Any CPU
		{74EF056A-260B-450D-9FE0-246EB86148EA}.Debug|x64.ActiveCfg = Debug|Any CPU
		{74EF056A-260B-450D-9FE0-246EB86148EA}.Debug|x86.ActiveCfg = Debug|Any CPU
		{74EF056A-260B-450D-9FE0-246EB86148EA}.Release|Any CPU.ActiveCfg = Release|Any CPU
		{74EF056A-260B-450D-9FE0-246EB86148EA}.Release|Any CPU.Build.0 = Release|Any CPU
		{74EF056A-260B-450D-9FE0-246EB86148EA}.Release|ARM.ActiveCfg = Release|Any CPU
		{74EF056A-260B-450D-9FE0-246EB86148EA}.Release|Mixed Platforms.ActiveCfg = Release|Any CPU
		{74EF056A-260B-450D-9FE0-246EB86148EA}.Release|Mixed Platforms.Build.0 = Release|Any CPU
		{74EF056A-260B-450D-9FE0-246EB86148EA}.Release|x64.ActiveCfg = Release|Any CPU
		{74EF056A-260B-450D-9FE0-246EB86148EA}.Release|x86.ActiveCfg = Release|Any CPU
		{E7E531C4-5362-4B2A-A157-C22B9A353E46}.Debug|Any CPU.ActiveCfg = Debug|Any CPU
		{E7E531C4-5362-4B2A-A157-C22B9A353E46}.Debug|Any CPU.Build.0 = Debug|Any CPU
		{E7E531C4-5362-4B2A-A157-C22B9A353E46}.Debug|Any CPU.Deploy.0 = Debug|Any CPU
		{E7E531C4-5362-4B2A-A157-C22B9A353E46}.Debug|ARM.ActiveCfg = Debug|ARM
		{E7E531C4-5362-4B2A-A157-C22B9A353E46}.Debug|ARM.Build.0 = Debug|ARM
		{E7E531C4-5362-4B2A-A157-C22B9A353E46}.Debug|ARM.Deploy.0 = Debug|ARM
		{E7E531C4-5362-4B2A-A157-C22B9A353E46}.Debug|Mixed Platforms.ActiveCfg = Debug|x86
		{E7E531C4-5362-4B2A-A157-C22B9A353E46}.Debug|Mixed Platforms.Build.0 = Debug|x86
		{E7E531C4-5362-4B2A-A157-C22B9A353E46}.Debug|Mixed Platforms.Deploy.0 = Debug|x86
		{E7E531C4-5362-4B2A-A157-C22B9A353E46}.Debug|x64.ActiveCfg = Debug|x64
		{E7E531C4-5362-4B2A-A157-C22B9A353E46}.Debug|x64.Build.0 = Debug|x64
		{E7E531C4-5362-4B2A-A157-C22B9A353E46}.Debug|x64.Deploy.0 = Debug|x64
		{E7E531C4-5362-4B2A-A157-C22B9A353E46}.Debug|x86.ActiveCfg = Debug|x86
		{E7E531C4-5362-4B2A-A157-C22B9A353E46}.Debug|x86.Build.0 = Debug|x86
		{E7E531C4-5362-4B2A-A157-C22B9A353E46}.Debug|x86.Deploy.0 = Debug|x86
		{E7E531C4-5362-4B2A-A157-C22B9A353E46}.Release|Any CPU.ActiveCfg = Release|Any CPU
		{E7E531C4-5362-4B2A-A157-C22B9A353E46}.Release|Any CPU.Build.0 = Release|Any CPU
		{E7E531C4-5362-4B2A-A157-C22B9A353E46}.Release|Any CPU.Deploy.0 = Release|Any CPU
		{E7E531C4-5362-4B2A-A157-C22B9A353E46}.Release|ARM.ActiveCfg = Release|ARM
		{E7E531C4-5362-4B2A-A157-C22B9A353E46}.Release|ARM.Build.0 = Release|ARM
		{E7E531C4-5362-4B2A-A157-C22B9A353E46}.Release|ARM.Deploy.0 = Release|ARM
		{E7E531C4-5362-4B2A-A157-C22B9A353E46}.Release|Mixed Platforms.ActiveCfg = Release|Any CPU
		{E7E531C4-5362-4B2A-A157-C22B9A353E46}.Release|Mixed Platforms.Build.0 = Release|Any CPU
		{E7E531C4-5362-4B2A-A157-C22B9A353E46}.Release|Mixed Platforms.Deploy.0 = Release|Any CPU
		{E7E531C4-5362-4B2A-A157-C22B9A353E46}.Release|x64.ActiveCfg = Release|x64
		{E7E531C4-5362-4B2A-A157-C22B9A353E46}.Release|x64.Build.0 = Release|x64
		{E7E531C4-5362-4B2A-A157-C22B9A353E46}.Release|x64.Deploy.0 = Release|x64
		{E7E531C4-5362-4B2A-A157-C22B9A353E46}.Release|x86.ActiveCfg = Release|x86
		{E7E531C4-5362-4B2A-A157-C22B9A353E46}.Release|x86.Build.0 = Release|x86
		{E7E531C4-5362-4B2A-A157-C22B9A353E46}.Release|x86.Deploy.0 = Release|x86
		{25B39F4F-69C6-4166-B1F9-DD76DB89E327}.Debug|Any CPU.ActiveCfg = Debug|Any CPU
		{25B39F4F-69C6-4166-B1F9-DD76DB89E327}.Debug|Any CPU.Build.0 = Debug|Any CPU
		{25B39F4F-69C6-4166-B1F9-DD76DB89E327}.Debug|Any CPU.Deploy.0 = Debug|Any CPU
		{25B39F4F-69C6-4166-B1F9-DD76DB89E327}.Debug|ARM.ActiveCfg = Debug|ARM
		{25B39F4F-69C6-4166-B1F9-DD76DB89E327}.Debug|ARM.Build.0 = Debug|ARM
		{25B39F4F-69C6-4166-B1F9-DD76DB89E327}.Debug|ARM.Deploy.0 = Debug|ARM
		{25B39F4F-69C6-4166-B1F9-DD76DB89E327}.Debug|Mixed Platforms.ActiveCfg = Debug|x86
		{25B39F4F-69C6-4166-B1F9-DD76DB89E327}.Debug|Mixed Platforms.Build.0 = Debug|x86
		{25B39F4F-69C6-4166-B1F9-DD76DB89E327}.Debug|Mixed Platforms.Deploy.0 = Debug|x86
		{25B39F4F-69C6-4166-B1F9-DD76DB89E327}.Debug|x64.ActiveCfg = Debug|x64
		{25B39F4F-69C6-4166-B1F9-DD76DB89E327}.Debug|x64.Build.0 = Debug|x64
		{25B39F4F-69C6-4166-B1F9-DD76DB89E327}.Debug|x64.Deploy.0 = Debug|x64
		{25B39F4F-69C6-4166-B1F9-DD76DB89E327}.Debug|x86.ActiveCfg = Debug|x86
		{25B39F4F-69C6-4166-B1F9-DD76DB89E327}.Debug|x86.Build.0 = Debug|x86
		{25B39F4F-69C6-4166-B1F9-DD76DB89E327}.Debug|x86.Deploy.0 = Debug|x86
		{25B39F4F-69C6-4166-B1F9-DD76DB89E327}.Release|Any CPU.ActiveCfg = Release|Any CPU
		{25B39F4F-69C6-4166-B1F9-DD76DB89E327}.Release|Any CPU.Build.0 = Release|Any CPU
		{25B39F4F-69C6-4166-B1F9-DD76DB89E327}.Release|Any CPU.Deploy.0 = Release|Any CPU
		{25B39F4F-69C6-4166-B1F9-DD76DB89E327}.Release|ARM.ActiveCfg = Release|ARM
		{25B39F4F-69C6-4166-B1F9-DD76DB89E327}.Release|ARM.Build.0 = Release|ARM
		{25B39F4F-69C6-4166-B1F9-DD76DB89E327}.Release|ARM.Deploy.0 = Release|ARM
		{25B39F4F-69C6-4166-B1F9-DD76DB89E327}.Release|Mixed Platforms.ActiveCfg = Release|Any CPU
		{25B39F4F-69C6-4166-B1F9-DD76DB89E327}.Release|Mixed Platforms.Build.0 = Release|Any CPU
		{25B39F4F-69C6-4166-B1F9-DD76DB89E327}.Release|Mixed Platforms.Deploy.0 = Release|Any CPU
		{25B39F4F-69C6-4166-B1F9-DD76DB89E327}.Release|x64.ActiveCfg = Release|x64
		{25B39F4F-69C6-4166-B1F9-DD76DB89E327}.Release|x64.Build.0 = Release|x64
		{25B39F4F-69C6-4166-B1F9-DD76DB89E327}.Release|x64.Deploy.0 = Release|x64
		{25B39F4F-69C6-4166-B1F9-DD76DB89E327}.Release|x86.ActiveCfg = Release|x86
		{25B39F4F-69C6-4166-B1F9-DD76DB89E327}.Release|x86.Build.0 = Release|x86
		{25B39F4F-69C6-4166-B1F9-DD76DB89E327}.Release|x86.Deploy.0 = Release|x86
		{FFEECBCE-877F-4C1B-A53D-D1E40C614F38}.Debug|Any CPU.ActiveCfg = Debug|Any CPU
		{FFEECBCE-877F-4C1B-A53D-D1E40C614F38}.Debug|Any CPU.Build.0 = Debug|Any CPU
		{FFEECBCE-877F-4C1B-A53D-D1E40C614F38}.Debug|ARM.ActiveCfg = Debug|ARM
		{FFEECBCE-877F-4C1B-A53D-D1E40C614F38}.Debug|ARM.Build.0 = Debug|ARM
		{FFEECBCE-877F-4C1B-A53D-D1E40C614F38}.Debug|Mixed Platforms.ActiveCfg = Debug|x86
		{FFEECBCE-877F-4C1B-A53D-D1E40C614F38}.Debug|Mixed Platforms.Build.0 = Debug|x86
		{FFEECBCE-877F-4C1B-A53D-D1E40C614F38}.Debug|x64.ActiveCfg = Debug|x64
		{FFEECBCE-877F-4C1B-A53D-D1E40C614F38}.Debug|x64.Build.0 = Debug|x64
		{FFEECBCE-877F-4C1B-A53D-D1E40C614F38}.Debug|x86.ActiveCfg = Debug|x86
		{FFEECBCE-877F-4C1B-A53D-D1E40C614F38}.Debug|x86.Build.0 = Debug|x86
		{FFEECBCE-877F-4C1B-A53D-D1E40C614F38}.Release|Any CPU.ActiveCfg = Release|Any CPU
		{FFEECBCE-877F-4C1B-A53D-D1E40C614F38}.Release|Any CPU.Build.0 = Release|Any CPU
		{FFEECBCE-877F-4C1B-A53D-D1E40C614F38}.Release|ARM.ActiveCfg = Release|ARM
		{FFEECBCE-877F-4C1B-A53D-D1E40C614F38}.Release|ARM.Build.0 = Release|ARM
		{FFEECBCE-877F-4C1B-A53D-D1E40C614F38}.Release|Mixed Platforms.ActiveCfg = Release|Any CPU
		{FFEECBCE-877F-4C1B-A53D-D1E40C614F38}.Release|Mixed Platforms.Build.0 = Release|Any CPU
		{FFEECBCE-877F-4C1B-A53D-D1E40C614F38}.Release|x64.ActiveCfg = Release|x64
		{FFEECBCE-877F-4C1B-A53D-D1E40C614F38}.Release|x64.Build.0 = Release|x64
		{FFEECBCE-877F-4C1B-A53D-D1E40C614F38}.Release|x86.ActiveCfg = Release|x86
		{FFEECBCE-877F-4C1B-A53D-D1E40C614F38}.Release|x86.Build.0 = Release|x86
		{FDB555C7-BFA5-4AC1-B938-6BBFF98FBBD3}.Debug|Any CPU.ActiveCfg = Debug|Any CPU
		{FDB555C7-BFA5-4AC1-B938-6BBFF98FBBD3}.Debug|Any CPU.Build.0 = Debug|Any CPU
		{FDB555C7-BFA5-4AC1-B938-6BBFF98FBBD3}.Debug|ARM.ActiveCfg = Debug|ARM
		{FDB555C7-BFA5-4AC1-B938-6BBFF98FBBD3}.Debug|ARM.Build.0 = Debug|ARM
		{FDB555C7-BFA5-4AC1-B938-6BBFF98FBBD3}.Debug|Mixed Platforms.ActiveCfg = Debug|x86
		{FDB555C7-BFA5-4AC1-B938-6BBFF98FBBD3}.Debug|Mixed Platforms.Build.0 = Debug|x86
		{FDB555C7-BFA5-4AC1-B938-6BBFF98FBBD3}.Debug|x64.ActiveCfg = Debug|x64
		{FDB555C7-BFA5-4AC1-B938-6BBFF98FBBD3}.Debug|x64.Build.0 = Debug|x64
		{FDB555C7-BFA5-4AC1-B938-6BBFF98FBBD3}.Debug|x86.ActiveCfg = Debug|x86
		{FDB555C7-BFA5-4AC1-B938-6BBFF98FBBD3}.Debug|x86.Build.0 = Debug|x86
		{FDB555C7-BFA5-4AC1-B938-6BBFF98FBBD3}.Release|Any CPU.ActiveCfg = Release|Any CPU
		{FDB555C7-BFA5-4AC1-B938-6BBFF98FBBD3}.Release|Any CPU.Build.0 = Release|Any CPU
		{FDB555C7-BFA5-4AC1-B938-6BBFF98FBBD3}.Release|ARM.ActiveCfg = Release|ARM
		{FDB555C7-BFA5-4AC1-B938-6BBFF98FBBD3}.Release|ARM.Build.0 = Release|ARM
		{FDB555C7-BFA5-4AC1-B938-6BBFF98FBBD3}.Release|Mixed Platforms.ActiveCfg = Release|Any CPU
		{FDB555C7-BFA5-4AC1-B938-6BBFF98FBBD3}.Release|Mixed Platforms.Build.0 = Release|Any CPU
		{FDB555C7-BFA5-4AC1-B938-6BBFF98FBBD3}.Release|x64.ActiveCfg = Release|x64
		{FDB555C7-BFA5-4AC1-B938-6BBFF98FBBD3}.Release|x64.Build.0 = Release|x64
		{FDB555C7-BFA5-4AC1-B938-6BBFF98FBBD3}.Release|x86.ActiveCfg = Release|x86
		{FDB555C7-BFA5-4AC1-B938-6BBFF98FBBD3}.Release|x86.Build.0 = Release|x86
		{D46B42C7-017C-46FA-908D-0141D9F37721}.Debug|Any CPU.ActiveCfg = Debug|Any CPU
		{D46B42C7-017C-46FA-908D-0141D9F37721}.Debug|Any CPU.Build.0 = Debug|Any CPU
		{D46B42C7-017C-46FA-908D-0141D9F37721}.Debug|ARM.ActiveCfg = Debug|ARM
		{D46B42C7-017C-46FA-908D-0141D9F37721}.Debug|ARM.Build.0 = Debug|ARM
		{D46B42C7-017C-46FA-908D-0141D9F37721}.Debug|Mixed Platforms.ActiveCfg = Debug|x86
		{D46B42C7-017C-46FA-908D-0141D9F37721}.Debug|Mixed Platforms.Build.0 = Debug|x86
		{D46B42C7-017C-46FA-908D-0141D9F37721}.Debug|x64.ActiveCfg = Debug|x64
		{D46B42C7-017C-46FA-908D-0141D9F37721}.Debug|x64.Build.0 = Debug|x64
		{D46B42C7-017C-46FA-908D-0141D9F37721}.Debug|x86.ActiveCfg = Debug|x86
		{D46B42C7-017C-46FA-908D-0141D9F37721}.Debug|x86.Build.0 = Debug|x86
		{D46B42C7-017C-46FA-908D-0141D9F37721}.Release|Any CPU.ActiveCfg = Release|Any CPU
		{D46B42C7-017C-46FA-908D-0141D9F37721}.Release|Any CPU.Build.0 = Release|Any CPU
		{D46B42C7-017C-46FA-908D-0141D9F37721}.Release|ARM.ActiveCfg = Release|ARM
		{D46B42C7-017C-46FA-908D-0141D9F37721}.Release|ARM.Build.0 = Release|ARM
		{D46B42C7-017C-46FA-908D-0141D9F37721}.Release|Mixed Platforms.ActiveCfg = Release|Any CPU
		{D46B42C7-017C-46FA-908D-0141D9F37721}.Release|Mixed Platforms.Build.0 = Release|Any CPU
		{D46B42C7-017C-46FA-908D-0141D9F37721}.Release|x64.ActiveCfg = Release|x64
		{D46B42C7-017C-46FA-908D-0141D9F37721}.Release|x64.Build.0 = Release|x64
		{D46B42C7-017C-46FA-908D-0141D9F37721}.Release|x86.ActiveCfg = Release|x86
		{D46B42C7-017C-46FA-908D-0141D9F37721}.Release|x86.Build.0 = Release|x86
		{4E82E3C3-8CC5-48F3-8A79-4372113CC9C9}.Debug|Any CPU.ActiveCfg = Debug|Any CPU
		{4E82E3C3-8CC5-48F3-8A79-4372113CC9C9}.Debug|Any CPU.Build.0 = Debug|Any CPU
		{4E82E3C3-8CC5-48F3-8A79-4372113CC9C9}.Debug|ARM.ActiveCfg = Debug|ARM
		{4E82E3C3-8CC5-48F3-8A79-4372113CC9C9}.Debug|ARM.Build.0 = Debug|ARM
		{4E82E3C3-8CC5-48F3-8A79-4372113CC9C9}.Debug|Mixed Platforms.ActiveCfg = Debug|x86
		{4E82E3C3-8CC5-48F3-8A79-4372113CC9C9}.Debug|Mixed Platforms.Build.0 = Debug|x86
		{4E82E3C3-8CC5-48F3-8A79-4372113CC9C9}.Debug|x64.ActiveCfg = Debug|x64
		{4E82E3C3-8CC5-48F3-8A79-4372113CC9C9}.Debug|x64.Build.0 = Debug|x64
		{4E82E3C3-8CC5-48F3-8A79-4372113CC9C9}.Debug|x86.ActiveCfg = Debug|x86
		{4E82E3C3-8CC5-48F3-8A79-4372113CC9C9}.Debug|x86.Build.0 = Debug|x86
		{4E82E3C3-8CC5-48F3-8A79-4372113CC9C9}.Release|Any CPU.ActiveCfg = Release|Any CPU
		{4E82E3C3-8CC5-48F3-8A79-4372113CC9C9}.Release|Any CPU.Build.0 = Release|Any CPU
		{4E82E3C3-8CC5-48F3-8A79-4372113CC9C9}.Release|ARM.ActiveCfg = Release|ARM
		{4E82E3C3-8CC5-48F3-8A79-4372113CC9C9}.Release|ARM.Build.0 = Release|ARM
		{4E82E3C3-8CC5-48F3-8A79-4372113CC9C9}.Release|Mixed Platforms.ActiveCfg = Release|Any CPU
		{4E82E3C3-8CC5-48F3-8A79-4372113CC9C9}.Release|Mixed Platforms.Build.0 = Release|Any CPU
		{4E82E3C3-8CC5-48F3-8A79-4372113CC9C9}.Release|x64.ActiveCfg = Release|x64
		{4E82E3C3-8CC5-48F3-8A79-4372113CC9C9}.Release|x64.Build.0 = Release|x64
		{4E82E3C3-8CC5-48F3-8A79-4372113CC9C9}.Release|x86.ActiveCfg = Release|x86
		{4E82E3C3-8CC5-48F3-8A79-4372113CC9C9}.Release|x86.Build.0 = Release|x86
		{F4915F13-D254-4991-9853-0F512B6DCD41}.Debug|Any CPU.ActiveCfg = Debug|Any CPU
		{F4915F13-D254-4991-9853-0F512B6DCD41}.Debug|Any CPU.Build.0 = Debug|Any CPU
		{F4915F13-D254-4991-9853-0F512B6DCD41}.Debug|ARM.ActiveCfg = Debug|ARM
		{F4915F13-D254-4991-9853-0F512B6DCD41}.Debug|ARM.Build.0 = Debug|ARM
		{F4915F13-D254-4991-9853-0F512B6DCD41}.Debug|Mixed Platforms.ActiveCfg = Debug|x86
		{F4915F13-D254-4991-9853-0F512B6DCD41}.Debug|Mixed Platforms.Build.0 = Debug|x86
		{F4915F13-D254-4991-9853-0F512B6DCD41}.Debug|x64.ActiveCfg = Debug|x64
		{F4915F13-D254-4991-9853-0F512B6DCD41}.Debug|x64.Build.0 = Debug|x64
		{F4915F13-D254-4991-9853-0F512B6DCD41}.Debug|x86.ActiveCfg = Debug|x86
		{F4915F13-D254-4991-9853-0F512B6DCD41}.Debug|x86.Build.0 = Debug|x86
		{F4915F13-D254-4991-9853-0F512B6DCD41}.Release|Any CPU.ActiveCfg = Release|Any CPU
		{F4915F13-D254-4991-9853-0F512B6DCD41}.Release|Any CPU.Build.0 = Release|Any CPU
		{F4915F13-D254-4991-9853-0F512B6DCD41}.Release|ARM.ActiveCfg = Release|ARM
		{F4915F13-D254-4991-9853-0F512B6DCD41}.Release|ARM.Build.0 = Release|ARM
		{F4915F13-D254-4991-9853-0F512B6DCD41}.Release|Mixed Platforms.ActiveCfg = Release|Any CPU
		{F4915F13-D254-4991-9853-0F512B6DCD41}.Release|Mixed Platforms.Build.0 = Release|Any CPU
		{F4915F13-D254-4991-9853-0F512B6DCD41}.Release|x64.ActiveCfg = Release|x64
		{F4915F13-D254-4991-9853-0F512B6DCD41}.Release|x64.Build.0 = Release|x64
		{F4915F13-D254-4991-9853-0F512B6DCD41}.Release|x86.ActiveCfg = Release|x86
		{F4915F13-D254-4991-9853-0F512B6DCD41}.Release|x86.Build.0 = Release|x86
		{015E3DFE-EB56-429F-95EF-BAB5D41B23BE}.Debug|Any CPU.ActiveCfg = Debug|Any CPU
		{015E3DFE-EB56-429F-95EF-BAB5D41B23BE}.Debug|Any CPU.Build.0 = Debug|Any CPU
		{015E3DFE-EB56-429F-95EF-BAB5D41B23BE}.Debug|ARM.ActiveCfg = Debug|ARM
		{015E3DFE-EB56-429F-95EF-BAB5D41B23BE}.Debug|ARM.Build.0 = Debug|ARM
		{015E3DFE-EB56-429F-95EF-BAB5D41B23BE}.Debug|Mixed Platforms.ActiveCfg = Debug|x86
		{015E3DFE-EB56-429F-95EF-BAB5D41B23BE}.Debug|Mixed Platforms.Build.0 = Debug|x86
		{015E3DFE-EB56-429F-95EF-BAB5D41B23BE}.Debug|x64.ActiveCfg = Debug|Any CPU
		{015E3DFE-EB56-429F-95EF-BAB5D41B23BE}.Debug|x86.ActiveCfg = Debug|x86
		{015E3DFE-EB56-429F-95EF-BAB5D41B23BE}.Debug|x86.Build.0 = Debug|x86
		{015E3DFE-EB56-429F-95EF-BAB5D41B23BE}.Release|Any CPU.ActiveCfg = Release|Any CPU
		{015E3DFE-EB56-429F-95EF-BAB5D41B23BE}.Release|Any CPU.Build.0 = Release|Any CPU
		{015E3DFE-EB56-429F-95EF-BAB5D41B23BE}.Release|ARM.ActiveCfg = Release|ARM
		{015E3DFE-EB56-429F-95EF-BAB5D41B23BE}.Release|ARM.Build.0 = Release|ARM
		{015E3DFE-EB56-429F-95EF-BAB5D41B23BE}.Release|Mixed Platforms.ActiveCfg = Release|x86
		{015E3DFE-EB56-429F-95EF-BAB5D41B23BE}.Release|Mixed Platforms.Build.0 = Release|x86
		{015E3DFE-EB56-429F-95EF-BAB5D41B23BE}.Release|x64.ActiveCfg = Release|Any CPU
		{015E3DFE-EB56-429F-95EF-BAB5D41B23BE}.Release|x86.ActiveCfg = Release|x86
		{015E3DFE-EB56-429F-95EF-BAB5D41B23BE}.Release|x86.Build.0 = Release|x86
	EndGlobalSection
	GlobalSection(SolutionProperties) = preSolution
		HideSolutionNode = FALSE
	EndGlobalSection
EndGlobal
